
Microsoft Visual Studio Solution File, Format Version 12.00
# Visual Studio Version 17
VisualStudioVersion = 17.10.35013.160
MinimumVisualStudioVersion = 10.0.40219.1
Project("{9A19103F-16F7-4668-BE54-9A1E7A4F7556}") = "ShiftLeft.MSTest", "ShiftLeft.MSTest\ShiftLeft.MSTest.csproj", "{1FCFF0BB-EF5A-4B84-AC61-4978F4981955}"
EndProject
Project("{9A19103F-16F7-4668-BE54-9A1E7A4F7556}") = "ShiftLeft.MSTest.Tests", "ShiftLeft.MSTest.Tests\ShiftLeft.MSTest.Tests.csproj", "{D30C995F-0307-4134-8821-78AC4443948A}"
EndProject
Project("{2150E333-8FDC-42A3-9474-1A3956D46DE8}") = "Projektmappenelemente", "Projektmappenelemente", "{C6D280F7-1887-4D3C-BCC9-45FEBDD325F4}"
	ProjectSection(SolutionItems) = preProject
		Directory.Build.props = Directory.Build.props
		README.md = README.md
	EndProjectSection
EndProject
Project("{9A19103F-16F7-4668-BE54-9A1E7A4F7556}") = "ShiftLeft.NUnit", "ShiftLeft.NUnit\ShiftLeft.NUnit.csproj", "{5235BCA7-54F3-4C41-9DDE-0DB4541867B1}"
EndProject
Project("{9A19103F-16F7-4668-BE54-9A1E7A4F7556}") = "ShiftLeft", "ShiftLeft\ShiftLeft.csproj", "{5634FFAF-15A8-42E4-A434-D6F94C8DF15B}"
EndProject
Project("{9A19103F-16F7-4668-BE54-9A1E7A4F7556}") = "ShiftLeft.NUnit.Tests", "ShiftLeft.NUnit.Tests\ShiftLeft.NUnit.Tests.csproj", "{F310935D-B9F8-49F3-897A-7E39F03E28E0}"
EndProject
Project("{9A19103F-16F7-4668-BE54-9A1E7A4F7556}") = "ShiftLeft.Tests", "ShiftLeft.Tests\ShiftLeft.Tests.csproj", "{307A5AEF-E8BD-48D2-86E3-FB3E77442123}"
EndProject
Project("{9A19103F-16F7-4668-BE54-9A1E7A4F7556}") = "ShiftLeft.XUnit", "ShiftLeft.XUnit\ShiftLeft.XUnit.csproj", "{E07D2B97-50AD-43D5-B960-AF7D03204222}"
EndProject
Project("{FAE04EC0-301F-11D3-BF4B-00C04F79EFBC}") = "ShiftLeft.XUnit.Tests", "ShiftLeft.XUnit.Tests\ShiftLeft.XUnit.Tests.csproj", "{88E60D0F-D77F-4C72-9EBD-F3D87373DBD4}"
EndProject
Global
	GlobalSection(SolutionConfigurationPlatforms) = preSolution
		Debug|Any CPU = Debug|Any CPU
		Release|Any CPU = Release|Any CPU
	EndGlobalSection
	GlobalSection(ProjectConfigurationPlatforms) = postSolution
		{1FCFF0BB-EF5A-4B84-AC61-4978F4981955}.Debug|Any CPU.ActiveCfg = Debug|Any CPU
		{1FCFF0BB-EF5A-4B84-AC61-4978F4981955}.Debug|Any CPU.Build.0 = Debug|Any CPU
		{1FCFF0BB-EF5A-4B84-AC61-4978F4981955}.Release|Any CPU.ActiveCfg = Release|Any CPU
		{1FCFF0BB-EF5A-4B84-AC61-4978F4981955}.Release|Any CPU.Build.0 = Release|Any CPU
		{D30C995F-0307-4134-8821-78AC4443948A}.Debug|Any CPU.ActiveCfg = Debug|Any CPU
		{D30C995F-0307-4134-8821-78AC4443948A}.Debug|Any CPU.Build.0 = Debug|Any CPU
		{D30C995F-0307-4134-8821-78AC4443948A}.Release|Any CPU.ActiveCfg = Release|Any CPU
		{D30C995F-0307-4134-8821-78AC4443948A}.Release|Any CPU.Build.0 = Release|Any CPU
		{5235BCA7-54F3-4C41-9DDE-0DB4541867B1}.Debug|Any CPU.ActiveCfg = Debug|Any CPU
		{5235BCA7-54F3-4C41-9DDE-0DB4541867B1}.Debug|Any CPU.Build.0 = Debug|Any CPU
		{5235BCA7-54F3-4C41-9DDE-0DB4541867B1}.Release|Any CPU.ActiveCfg = Release|Any CPU
		{5235BCA7-54F3-4C41-9DDE-0DB4541867B1}.Release|Any CPU.Build.0 = Release|Any CPU
		{5634FFAF-15A8-42E4-A434-D6F94C8DF15B}.Debug|Any CPU.ActiveCfg = Debug|Any CPU
		{5634FFAF-15A8-42E4-A434-D6F94C8DF15B}.Debug|Any CPU.Build.0 = Debug|Any CPU
		{5634FFAF-15A8-42E4-A434-D6F94C8DF15B}.Release|Any CPU.ActiveCfg = Release|Any CPU
		{5634FFAF-15A8-42E4-A434-D6F94C8DF15B}.Release|Any CPU.Build.0 = Release|Any CPU
		{F310935D-B9F8-49F3-897A-7E39F03E28E0}.Debug|Any CPU.ActiveCfg = Debug|Any CPU
		{F310935D-B9F8-49F3-897A-7E39F03E28E0}.Debug|Any CPU.Build.0 = Debug|Any CPU
		{F310935D-B9F8-49F3-897A-7E39F03E28E0}.Release|Any CPU.ActiveCfg = Release|Any CPU
		{F310935D-B9F8-49F3-897A-7E39F03E28E0}.Release|Any CPU.Build.0 = Release|Any CPU
		{307A5AEF-E8BD-48D2-86E3-FB3E77442123}.Debug|Any CPU.ActiveCfg = Debug|Any CPU
		{307A5AEF-E8BD-48D2-86E3-FB3E77442123}.Debug|Any CPU.Build.0 = Debug|Any CPU
		{307A5AEF-E8BD-48D2-86E3-FB3E77442123}.Release|Any CPU.ActiveCfg = Release|Any CPU
		{307A5AEF-E8BD-48D2-86E3-FB3E77442123}.Release|Any CPU.Build.0 = Release|Any CPU
		{E07D2B97-50AD-43D5-B960-AF7D03204222}.Debug|Any CPU.ActiveCfg = Debug|Any CPU
		{E07D2B97-50AD-43D5-B960-AF7D03204222}.Debug|Any CPU.Build.0 = Debug|Any CPU
		{E07D2B97-50AD-43D5-B960-AF7D03204222}.Release|Any CPU.ActiveCfg = Release|Any CPU
		{E07D2B97-50AD-43D5-B960-AF7D03204222}.Release|Any CPU.Build.0 = Release|Any CPU
		{88E60D0F-D77F-4C72-9EBD-F3D87373DBD4}.Debug|Any CPU.ActiveCfg = Debug|Any CPU
		{88E60D0F-D77F-4C72-9EBD-F3D87373DBD4}.Debug|Any CPU.Build.0 = Debug|Any CPU
		{88E60D0F-D77F-4C72-9EBD-F3D87373DBD4}.Release|Any CPU.ActiveCfg = Release|Any CPU
		{88E60D0F-D77F-4C72-9EBD-F3D87373DBD4}.Release|Any CPU.Build.0 = Release|Any CPU
	EndGlobalSection
	GlobalSection(SolutionProperties) = preSolution
		HideSolutionNode = FALSE
	EndGlobalSection
	GlobalSection(ExtensibilityGlobals) = postSolution
		SolutionGuid = {AF17470D-589B-4626-A9FC-F09B33EDB02B}
	EndGlobalSection
EndGlobal
